// !$*UTF8*$!
{
	archiveVersion = 1;
	classes = {
	};
	objectVersion = 46;
	objects = {

/* Begin PBXBuildFile section */
		AFAC6CF62D959C1F3156FA4D /* main.cpp in Sources */ = {isa = PBXBuildFile; fileRef = AFAC687154AF402F9534B765 /* main.cpp */; };
/* End PBXBuildFile section */

/* Begin PBXCopyFilesBuildPhase section */
		AFAC6AD4D02D91D5844D5934 /* CopyFiles */ = {
			isa = PBXCopyFilesBuildPhase;
			buildActionMask = 2147483647;
			dstPath = /usr/share/man/man1/;
			dstSubfolderSpec = 0;
			files = (
			);
			runOnlyForDeploymentPostprocessing = 1;
		};
/* End PBXCopyFilesBuildPhase section */

/* Begin PBXFileReference section */
		AFAC62EB2F755263C4C7EA72 /* PK_1_6_5_5 */ = {isa = PBXFileReference; explicitFileType = "compiled.mach-o.executable"; includeInIndex = 0; path = PK_1_6_5_5; sourceTree = BUILT_PRODUCTS_DIR; };
		AFAC680D1979BE4490D67F76 /* input.txt */ = {isa = PBXFileReference; fileEncoding = 4; lastKnownFileType = text; path = input.txt; sourceTree = "<group>"; };
		AFAC687154AF402F9534B765 /* main.cpp */ = {isa = PBXFileReference; lastKnownFileType = sourcecode.cpp.cpp; path = main.cpp; sourceTree = "<group>"; };
		AFAC6A1350EDBDA327911B28 /* output.txt */ = {isa = PBXFileReference; fileEncoding = 4; lastKnownFileType = text; path = output.txt; sourceTree = "<group>"; };
/* End PBXFileReference section */

/* Begin PBXFrameworksBuildPhase section */
		AFAC620A65256481A74680B3 /* Frameworks */ = {
			isa = PBXFrameworksBuildPhase;
			buildActionMask = 2147483647;
			files = (
			);
			runOnlyForDeploymentPostprocessing = 0;
		};
/* End PBXFrameworksBuildPhase section */

/* Begin PBXGroup section */
		AFAC64FF78EDCB65F4F45B64 /* Products */ = {
			isa = PBXGroup;
			children = (
				AFAC62EB2F755263C4C7EA72 /* PK_1_6_5_5 */,
			);
			name = Products;
			sourceTree = "<group>";
		};
		AFAC6687302038B99B74B1BA /* PK_1_6_5_5 */ = {
			isa = PBXGroup;
			children = (
				AFAC687154AF402F9534B765 /* main.cpp */,
				AFAC680D1979BE4490D67F76 /* input.txt */,
				AFAC6A1350EDBDA327911B28 /* output.txt */,
			);
			path = PK_1_6_5_5;
			sourceTree = "<group>";
		};
		AFAC69EC401048405264B67C = {
			isa = PBXGroup;
			children = (
				AFAC64FF78EDCB65F4F45B64 /* Products */,
				AFAC6687302038B99B74B1BA /* PK_1_6_5_5 */,
			);
			sourceTree = "<group>";
		};
/* End PBXGroup section */

/* Begin PBXNativeTarget section */
		AFAC6562F1AC838EDFDFE065 /* PK_1_6_5_5 */ = {
			isa = PBXNativeTarget;
			buildConfigurationList = AFAC6095FBA37932A7ADE62B /* Build configuration list for PBXNativeTarget "PK_1_6_5_5" */;
			buildPhases = (
				AFAC6750BA5982D01A38D608 /* Sources */,
				AFAC620A65256481A74680B3 /* Frameworks */,
				AFAC6AD4D02D91D5844D5934 /* CopyFiles */,
			);
			buildRules = (
			);
			dependencies = (
			);
			name = PK_1_6_5_5;
			productName = PK_1_6_5_5;
			productReference = AFAC62EB2F755263C4C7EA72 /* PK_1_6_5_5 */;
			productType = "com.apple.product-type.tool";
		};
/* End PBXNativeTarget section */

/* Begin PBXProject section */
		AFAC60265E1D4F10C9112279 /* Project object */ = {
			isa = PBXProject;
			attributes = {
				ORGANIZATIONNAME = "___FULLUSERNAME___";
			};
			buildConfigurationList = AFAC62BCE94E13982FA803E2 /* Build configuration list for PBXProject "PK_1_6_5_5" */;
			compatibilityVersion = "Xcode 3.2";
			developmentRegion = English;
			hasScannedForEncodings = 0;
			knownRegions = (
				en,
			);
			mainGroup = AFAC69EC401048405264B67C;
			productRefGroup = AFAC64FF78EDCB65F4F45B64 /* Products */;
			projectDirPath = "";
			projectRoot = "";
			targets = (
				AFAC6562F1AC838EDFDFE065 /* PK_1_6_5_5 */,
			);
		};
/* End PBXProject section */

/* Begin PBXSourcesBuildPhase section */
		AFAC6750BA5982D01A38D608 /* Sources */ = {
			isa = PBXSourcesBuildPhase;
			buildActionMask = 2147483647;
			files = (
				AFAC6CF62D959C1F3156FA4D /* main.cpp in Sources */,
			);
			runOnlyForDeploymentPostprocessing = 0;
		};
/* End PBXSourcesBuildPhase section */

/* Begin XCBuildConfiguration section */
		AFAC682BAC7DD743E474454A /* Debug */ = {
			isa = XCBuildConfiguration;
			buildSettings = {
				ALWAYS_SEARCH_USER_PATHS = NO;
				CLANG_CXX_LANGUAGE_STANDARD = "gnu++0x";
				CLANG_CXX_LIBRARY = "libc++";
				CLANG_ENABLE_MODULES = YES;
				CLANG_ENABLE_OBJC_ARC = YES;
				CLANG_WARN_BOOL_CONVERSION = YES;
				CLANG_WARN_CONSTANT_CONVERSION = YES;
				CLANG_WARN_DIRECT_OBJC_ISA_USAGE = YES_ERROR;
				CLANG_WARN_EMPTY_BODY = YES;
				CLANG_WARN_ENUM_CONVERSION = YES;
				CLANG_WARN_INT_CONVERSION = YES;
				CLANG_WARN_OBJC_ROOT_CLASS = YES_ERROR;
				CLANG_WARN_UNREACHABLE_CODE = YES;
				CLANG_WARN__DUPLICATE_METHOD_MATCH = YES;
				COPY_PHASE_STRIP = NO;
				ENABLE_STRICT_OBJC_MSGSEND = YES;
				GCC_C_LANGUAGE_STANDARD = gnu99;
				GCC_DYNAMIC_NO_PIC = NO;
				GCC_OPTIMIZATION_LEVEL = 0;
				GCC_PREPROCESSOR_DEFINITIONS = (
					"DEBUG=1",
					"$(inherited)",
				);
				GCC_SYMBOLS_PRIVATE_EXTERN = NO;
				GCC_WARN_64_TO_32_BIT_CONVERSION = YES;
				GCC_WARN_ABOUT_RETURN_TYPE = YES_ERROR;
				GCC_WARN_UNDECLARED_SELECTOR = YES;
				GCC_WARN_UNINITIALIZED_AUTOS = YES_AGGRESSIVE;
				GCC_WARN_UNUSED_FUNCTION = YES;
				GCC_WARN_UNUSED_VARIABLE = YES;
				MACOSX_DEPLOYMENT_TARGET = 10.10;
				MTL_ENABLE_DEBUG_INFO = YES;
				ONLY_ACTIVE_ARCH = YES;
				SDKROOT = macosx;
			};
			name = Debug;
		};
		AFAC68EFE33E39D759FBE739 /* Debug */ = {
			isa = XCBuildConfiguration;
			buildSettings = {
				PRODUCT_NAME = "$(TARGET_NAME)";
			};
			name = Debug;
		};
		AFAC6B81C44AD1B0BFCE87C8 /* Release */ = {
			isa = XCBuildConfiguration;
			buildSettings = {
				ALWAYS_SEARCH_USER_PATHS = NO;
				CLANG_CXX_LANGUAGE_STANDARD = "gnu++0x";
				CLANG_CXX_LIBRARY = "libc++";
				CLANG_ENABLE_MODULES = YES;
				CLANG_ENABLE_OBJC_ARC = YES;
				CLANG_WARN_BOOL_CONVERSION = YES;
				CLANG_WARN_CONSTANT_CONVERSION = YES;
				CLANG_WARN_DIRECT_OBJC_ISA_USAGE = YES_ERROR;
				CLANG_WARN_EMPTY_BODY = YES;
				CLANG_WARN_ENUM_CONVERSION = YES;
				CLANG_WARN_INT_CONVERSION = YES;
				CLANG_WARN_OBJC_ROOT_CLASS = YES_ERROR;
				CLANG_WARN_UNREACHABLE_CODE = YES;
				CLANG_WARN__DUPLICATE_METHOD_MATCH = YES;
				COPY_PHASE_STRIP = YES;
				DEBUG_INFORMATION_FORMAT = "dwarf-with-dsym";
				ENABLE_NS_ASSERTIONS = NO;
				ENABLE_STRICT_OBJC_MSGSEND = YES;
				GCC_C_LANGUAGE_STANDARD = gnu99;
				GCC_WARN_64_TO_32_BIT_CONVERSION = YES;
				GCC_WARN_ABOUT_RETURN_TYPE = YES_ERROR;
				GCC_WARN_UNDECLARED_SELECTOR = YES;
				GCC_WARN_UNINITIALIZED_AUTOS = YES_AGGRESSIVE;
				GCC_WARN_UNUSED_FUNCTION = YES;
				GCC_WARN_UNUSED_VARIABLE = YES;
				MACOSX_DEPLOYMENT_TARGET = 10.10;
				MTL_ENABLE_DEBUG_INFO = NO;
				SDKROOT = macosx;
			};
			name = Release;
		};
		AFAC6E322E6AC40473A6696B /* Release */ = {
			isa = XCBuildConfiguration;
			buildSettings = {
				PRODUCT_NAME = "$(TARGET_NAME)";
			};
			name = Release;
		};
/* End XCBuildConfiguration section */

/* Begin XCConfigurationList section */
		AFAC6095FBA37932A7ADE62B /* Build configuration list for PBXNativeTarget "PK_1_6_5_5" */ = {
			isa = XCConfigurationList;
			buildConfigurations = (
				AFAC68EFE33E39D759FBE739 /* Debug */,
				AFAC6E322E6AC40473A6696B /* Release */,
			);
			defaultConfigurationIsVisible = 0;
		};
		AFAC62BCE94E13982FA803E2 /* Build configuration list for PBXProject "PK_1_6_5_5" */ = {
			isa = XCConfigurationList;
			buildConfigurations = (
				AFAC682BAC7DD743E474454A /* Debug */,
				AFAC6B81C44AD1B0BFCE87C8 /* Release */,
			);
			defaultConfigurationIsVisible = 0;
			defaultConfigurationName = Release;
		};
/* End XCConfigurationList section */
	};
	rootObject = AFAC60265E1D4F10C9112279 /* Project object */;
}
