// !$*UTF8*$!
{
	archiveVersion = 1;
	classes = {
	};
	objectVersion = 46;
	objects = {

/* Begin PBXBuildFile section */
		AFAC6CEC7D729A1ABFF779A2 /* main.cpp in Sources */ = {isa = PBXBuildFile; fileRef = AFAC69D55AAE25A07FBB85E5 /* main.cpp */; };
/* End PBXBuildFile section */

/* Begin PBXCopyFilesBuildPhase section */
		AFAC6FCC0C43FC4026F25467 /* CopyFiles */ = {
			isa = PBXCopyFilesBuildPhase;
			buildActionMask = 2147483647;
			dstPath = /usr/share/man/man1/;
			dstSubfolderSpec = 0;
			files = (
			);
			runOnlyForDeploymentPostprocessing = 1;
		};
/* End PBXCopyFilesBuildPhase section */

/* Begin PBXFileReference section */
		AFAC634459CC32F41D3BD7C9 /* output.txt */ = {isa = PBXFileReference; fileEncoding = 4; lastKnownFileType = text; path = output.txt; sourceTree = "<group>"; };
		AFAC64EBDE9D42A78F53EFB3 /* input.txt */ = {isa = PBXFileReference; fileEncoding = 4; lastKnownFileType = text; path = input.txt; sourceTree = "<group>"; };
		AFAC692659E69F614566135C /* PK_1_1_2_10 */ = {isa = PBXFileReference; explicitFileType = "compiled.mach-o.executable"; includeInIndex = 0; path = PK_1_1_2_10; sourceTree = BUILT_PRODUCTS_DIR; };
		AFAC69D55AAE25A07FBB85E5 /* main.cpp */ = {isa = PBXFileReference; lastKnownFileType = sourcecode.cpp.cpp; path = main.cpp; sourceTree = "<group>"; };
/* End PBXFileReference section */

/* Begin PBXFrameworksBuildPhase section */
		AFAC642722DEF373D7D3DCD7 /* Frameworks */ = {
			isa = PBXFrameworksBuildPhase;
			buildActionMask = 2147483647;
			files = (
			);
			runOnlyForDeploymentPostprocessing = 0;
		};
/* End PBXFrameworksBuildPhase section */

/* Begin PBXGroup section */
		AFAC61FAA6B53BA39B547131 = {
			isa = PBXGroup;
			children = (
				AFAC6453BA5E468A7F5DAB96 /* Products */,
				AFAC651DA686B3F4DD591418 /* PK_1_1_2_10 */,
			);
			sourceTree = "<group>";
		};
		AFAC6453BA5E468A7F5DAB96 /* Products */ = {
			isa = PBXGroup;
			children = (
				AFAC692659E69F614566135C /* PK_1_1_2_10 */,
			);
			name = Products;
			sourceTree = "<group>";
		};
		AFAC651DA686B3F4DD591418 /* PK_1_1_2_10 */ = {
			isa = PBXGroup;
			children = (
				AFAC69D55AAE25A07FBB85E5 /* main.cpp */,
				AFAC64EBDE9D42A78F53EFB3 /* input.txt */,
				AFAC634459CC32F41D3BD7C9 /* output.txt */,
			);
			path = PK_1_1_2_10;
			sourceTree = "<group>";
		};
/* End PBXGroup section */

/* Begin PBXNativeTarget section */
		AFAC60E8B9E1015D8FB39C3C /* PK_1_1_2_10 */ = {
			isa = PBXNativeTarget;
			buildConfigurationList = AFAC62ECBBA1A022C8FB4C8E /* Build configuration list for PBXNativeTarget "PK_1_1_2_10" */;
			buildPhases = (
				AFAC6A0C361B314726A18FB2 /* Sources */,
				AFAC642722DEF373D7D3DCD7 /* Frameworks */,
				AFAC6FCC0C43FC4026F25467 /* CopyFiles */,
			);
			buildRules = (
			);
			dependencies = (
			);
			name = PK_1_1_2_10;
			productName = PK_1_1_2_10;
			productReference = AFAC692659E69F614566135C /* PK_1_1_2_10 */;
			productType = "com.apple.product-type.tool";
		};
/* End PBXNativeTarget section */

/* Begin PBXProject section */
		AFAC6A554E700DA563365E07 /* Project object */ = {
			isa = PBXProject;
			attributes = {
				ORGANIZATIONNAME = "___FULLUSERNAME___";
			};
			buildConfigurationList = AFAC67CC45BB9D7E43AC1298 /* Build configuration list for PBXProject "PK_1_1_2_10" */;
			compatibilityVersion = "Xcode 3.2";
			developmentRegion = English;
			hasScannedForEncodings = 0;
			knownRegions = (
				en,
			);
			mainGroup = AFAC61FAA6B53BA39B547131;
			productRefGroup = AFAC6453BA5E468A7F5DAB96 /* Products */;
			projectDirPath = "";
			projectRoot = "";
			targets = (
				AFAC60E8B9E1015D8FB39C3C /* PK_1_1_2_10 */,
			);
		};
/* End PBXProject section */

/* Begin PBXSourcesBuildPhase section */
		AFAC6A0C361B314726A18FB2 /* Sources */ = {
			isa = PBXSourcesBuildPhase;
			buildActionMask = 2147483647;
			files = (
				AFAC6CEC7D729A1ABFF779A2 /* main.cpp in Sources */,
			);
			runOnlyForDeploymentPostprocessing = 0;
		};
/* End PBXSourcesBuildPhase section */

/* Begin XCBuildConfiguration section */
		AFAC605A5DEF5FE2964E981B /* Release */ = {
			isa = XCBuildConfiguration;
			buildSettings = {
				PRODUCT_NAME = "$(TARGET_NAME)";
			};
			name = Release;
		};
		AFAC689D849E10035D974EDA /* Debug */ = {
			isa = XCBuildConfiguration;
			buildSettings = {
				ALWAYS_SEARCH_USER_PATHS = NO;
				CLANG_CXX_LANGUAGE_STANDARD = "gnu++0x";
				CLANG_CXX_LIBRARY = "libc++";
				CLANG_ENABLE_MODULES = YES;
				CLANG_ENABLE_OBJC_ARC = YES;
				CLANG_WARN_BOOL_CONVERSION = YES;
				CLANG_WARN_CONSTANT_CONVERSION = YES;
				CLANG_WARN_DIRECT_OBJC_ISA_USAGE = YES_ERROR;
				CLANG_WARN_EMPTY_BODY = YES;
				CLANG_WARN_ENUM_CONVERSION = YES;
				CLANG_WARN_INT_CONVERSION = YES;
				CLANG_WARN_OBJC_ROOT_CLASS = YES_ERROR;
				CLANG_WARN_UNREACHABLE_CODE = YES;
				CLANG_WARN__DUPLICATE_METHOD_MATCH = YES;
				COPY_PHASE_STRIP = NO;
				ENABLE_STRICT_OBJC_MSGSEND = YES;
				GCC_C_LANGUAGE_STANDARD = gnu99;
				GCC_DYNAMIC_NO_PIC = NO;
				GCC_OPTIMIZATION_LEVEL = 0;
				GCC_PREPROCESSOR_DEFINITIONS = (
					"DEBUG=1",
					"$(inherited)",
				);
				GCC_SYMBOLS_PRIVATE_EXTERN = NO;
				GCC_WARN_64_TO_32_BIT_CONVERSION = YES;
				GCC_WARN_ABOUT_RETURN_TYPE = YES_ERROR;
				GCC_WARN_UNDECLARED_SELECTOR = YES;
				GCC_WARN_UNINITIALIZED_AUTOS = YES_AGGRESSIVE;
				GCC_WARN_UNUSED_FUNCTION = YES;
				GCC_WARN_UNUSED_VARIABLE = YES;
				MACOSX_DEPLOYMENT_TARGET = 10.10;
				MTL_ENABLE_DEBUG_INFO = YES;
				ONLY_ACTIVE_ARCH = YES;
				SDKROOT = macosx;
			};
			name = Debug;
		};
		AFAC6A64AD992842A1451AE6 /* Debug */ = {
			isa = XCBuildConfiguration;
			buildSettings = {
				PRODUCT_NAME = "$(TARGET_NAME)";
			};
			name = Debug;
		};
		AFAC6A8E6F21F0EE48B86164 /* Release */ = {
			isa = XCBuildConfiguration;
			buildSettings = {
				ALWAYS_SEARCH_USER_PATHS = NO;
				CLANG_CXX_LANGUAGE_STANDARD = "gnu++0x";
				CLANG_CXX_LIBRARY = "libc++";
				CLANG_ENABLE_MODULES = YES;
				CLANG_ENABLE_OBJC_ARC = YES;
				CLANG_WARN_BOOL_CONVERSION = YES;
				CLANG_WARN_CONSTANT_CONVERSION = YES;
				CLANG_WARN_DIRECT_OBJC_ISA_USAGE = YES_ERROR;
				CLANG_WARN_EMPTY_BODY = YES;
				CLANG_WARN_ENUM_CONVERSION = YES;
				CLANG_WARN_INT_CONVERSION = YES;
				CLANG_WARN_OBJC_ROOT_CLASS = YES_ERROR;
				CLANG_WARN_UNREACHABLE_CODE = YES;
				CLANG_WARN__DUPLICATE_METHOD_MATCH = YES;
				COPY_PHASE_STRIP = YES;
				DEBUG_INFORMATION_FORMAT = "dwarf-with-dsym";
				ENABLE_NS_ASSERTIONS = NO;
				ENABLE_STRICT_OBJC_MSGSEND = YES;
				GCC_C_LANGUAGE_STANDARD = gnu99;
				GCC_WARN_64_TO_32_BIT_CONVERSION = YES;
				GCC_WARN_ABOUT_RETURN_TYPE = YES_ERROR;
				GCC_WARN_UNDECLARED_SELECTOR = YES;
				GCC_WARN_UNINITIALIZED_AUTOS = YES_AGGRESSIVE;
				GCC_WARN_UNUSED_FUNCTION = YES;
				GCC_WARN_UNUSED_VARIABLE = YES;
				MACOSX_DEPLOYMENT_TARGET = 10.10;
				MTL_ENABLE_DEBUG_INFO = NO;
				SDKROOT = macosx;
			};
			name = Release;
		};
/* End XCBuildConfiguration section */

/* Begin XCConfigurationList section */
		AFAC62ECBBA1A022C8FB4C8E /* Build configuration list for PBXNativeTarget "PK_1_1_2_10" */ = {
			isa = XCConfigurationList;
			buildConfigurations = (
				AFAC6A64AD992842A1451AE6 /* Debug */,
				AFAC605A5DEF5FE2964E981B /* Release */,
			);
			defaultConfigurationIsVisible = 0;
		};
		AFAC67CC45BB9D7E43AC1298 /* Build configuration list for PBXProject "PK_1_1_2_10" */ = {
			isa = XCConfigurationList;
			buildConfigurations = (
				AFAC689D849E10035D974EDA /* Debug */,
				AFAC6A8E6F21F0EE48B86164 /* Release */,
			);
			defaultConfigurationIsVisible = 0;
			defaultConfigurationName = Release;
		};
/* End XCConfigurationList section */
	};
	rootObject = AFAC6A554E700DA563365E07 /* Project object */;
}
