<?xml version="1.0" encoding="UTF-8"?>
<Scheme
   version = "1.3">
   <BuildAction>
      <BuildActionEntries>
         <BuildActionEntry
            buildForRunning = "YES">
            <BuildableReference
               BuildableIdentifier = "primary"
               BlueprintIdentifier = "AFAC6CC2CE5224CCA4D10711"
               BuildableName = "PK_1_1_3_10"
               BlueprintName = "PK_1_1_3_10"
               ReferencedContainer = "container:PK_1_1_3_10.xcodeproj">
            </BuildableReference>
         </BuildActionEntry>
      </BuildActionEntries>
   </BuildAction>
   <LaunchAction
      useCustomWorkingDirectory = "NO"
      buildConfiguration = "Debug">
      <BuildableProductRunnable>
         <BuildableReference
            BuildableIdentifier = "primary"
            BlueprintIdentifier = "AFAC6CC2CE5224CCA4D10711"
            BuildableName = "PK_1_1_3_10"
            BlueprintName = "PK_1_1_3_10"
            ReferencedContainer = "container:PK_1_1_3_10.xcodeproj">
         </BuildableReference>
      </BuildableProductRunnable>
   </LaunchAction>
</Scheme>
