// !$*UTF8*$!
{
	archiveVersion = 1;
	classes = {
	};
	objectVersion = 46;
	objects = {

/* Begin PBXBuildFile section */
		AFAC6EBE108B9E41F7BA9389 /* main.cpp in Sources */ = {isa = PBXBuildFile; fileRef = AFAC6EBAB42BAE0857699EE5 /* main.cpp */; };
/* End PBXBuildFile section */

/* Begin PBXCopyFilesBuildPhase section */
		AFAC6D3D22C3EC89EEE96B9F /* CopyFiles */ = {
			isa = PBXCopyFilesBuildPhase;
			buildActionMask = 2147483647;
			dstPath = /usr/share/man/man1/;
			dstSubfolderSpec = 0;
			files = (
			);
			runOnlyForDeploymentPostprocessing = 1;
		};
/* End PBXCopyFilesBuildPhase section */

/* Begin PBXFileReference section */
		AFAC6127DD9708255656DDC4 /* output.txt */ = {isa = PBXFileReference; fileEncoding = 4; lastKnownFileType = text; path = output.txt; sourceTree = "<group>"; };
		AFAC63697D4AC73CE9F562FE /* PK_1_3_4_10 */ = {isa = PBXFileReference; explicitFileType = "compiled.mach-o.executable"; includeInIndex = 0; path = PK_1_3_4_10; sourceTree = BUILT_PRODUCTS_DIR; };
		AFAC6CD5E1D07C9AA911E3B5 /* input.txt */ = {isa = PBXFileReference; fileEncoding = 4; lastKnownFileType = text; path = input.txt; sourceTree = "<group>"; };
		AFAC6EBAB42BAE0857699EE5 /* main.cpp */ = {isa = PBXFileReference; lastKnownFileType = sourcecode.cpp.cpp; path = main.cpp; sourceTree = "<group>"; };
/* End PBXFileReference section */

/* Begin PBXFrameworksBuildPhase section */
		AFAC65BFBD850F827A2ECB92 /* Frameworks */ = {
			isa = PBXFrameworksBuildPhase;
			buildActionMask = 2147483647;
			files = (
			);
			runOnlyForDeploymentPostprocessing = 0;
		};
/* End PBXFrameworksBuildPhase section */

/* Begin PBXGroup section */
		AFAC625DEDDDBA66AD592709 /* Products */ = {
			isa = PBXGroup;
			children = (
				AFAC63697D4AC73CE9F562FE /* PK_1_3_4_10 */,
			);
			name = Products;
			sourceTree = "<group>";
		};
		AFAC64B41AAA7FC51C45B4F8 = {
			isa = PBXGroup;
			children = (
				AFAC625DEDDDBA66AD592709 /* Products */,
				AFAC6C5823BB8EFD238BEA8D /* PK_1_3_4_10 */,
			);
			sourceTree = "<group>";
		};
		AFAC6C5823BB8EFD238BEA8D /* PK_1_3_4_10 */ = {
			isa = PBXGroup;
			children = (
				AFAC6EBAB42BAE0857699EE5 /* main.cpp */,
				AFAC6CD5E1D07C9AA911E3B5 /* input.txt */,
				AFAC6127DD9708255656DDC4 /* output.txt */,
			);
			path = PK_1_3_4_10;
			sourceTree = "<group>";
		};
/* End PBXGroup section */

/* Begin PBXNativeTarget section */
		AFAC683ABFDEC3AFC8B83309 /* PK_1_3_4_10 */ = {
			isa = PBXNativeTarget;
			buildConfigurationList = AFAC6C989455ECA2F96BEEE4 /* Build configuration list for PBXNativeTarget "PK_1_3_4_10" */;
			buildPhases = (
				AFAC6FDE6DFFE24A9D100D74 /* Sources */,
				AFAC65BFBD850F827A2ECB92 /* Frameworks */,
				AFAC6D3D22C3EC89EEE96B9F /* CopyFiles */,
			);
			buildRules = (
			);
			dependencies = (
			);
			name = PK_1_3_4_10;
			productName = PK_1_3_4_10;
			productReference = AFAC63697D4AC73CE9F562FE /* PK_1_3_4_10 */;
			productType = "com.apple.product-type.tool";
		};
/* End PBXNativeTarget section */

/* Begin PBXProject section */
		AFAC6773FC68388F8C73CA62 /* Project object */ = {
			isa = PBXProject;
			attributes = {
				ORGANIZATIONNAME = "___FULLUSERNAME___";
			};
			buildConfigurationList = AFAC6FAA1C986D736B155656 /* Build configuration list for PBXProject "PK_1_3_4_10" */;
			compatibilityVersion = "Xcode 3.2";
			developmentRegion = English;
			hasScannedForEncodings = 0;
			knownRegions = (
				en,
			);
			mainGroup = AFAC64B41AAA7FC51C45B4F8;
			productRefGroup = AFAC625DEDDDBA66AD592709 /* Products */;
			projectDirPath = "";
			projectRoot = "";
			targets = (
				AFAC683ABFDEC3AFC8B83309 /* PK_1_3_4_10 */,
			);
		};
/* End PBXProject section */

/* Begin PBXSourcesBuildPhase section */
		AFAC6FDE6DFFE24A9D100D74 /* Sources */ = {
			isa = PBXSourcesBuildPhase;
			buildActionMask = 2147483647;
			files = (
				AFAC6EBE108B9E41F7BA9389 /* main.cpp in Sources */,
			);
			runOnlyForDeploymentPostprocessing = 0;
		};
/* End PBXSourcesBuildPhase section */

/* Begin XCBuildConfiguration section */
		AFAC6898A66817EAB05F4CB1 /* Debug */ = {
			isa = XCBuildConfiguration;
			buildSettings = {
				PRODUCT_NAME = "$(TARGET_NAME)";
			};
			name = Debug;
		};
		AFAC68F196A545EEC8C3CC56 /* Release */ = {
			isa = XCBuildConfiguration;
			buildSettings = {
				PRODUCT_NAME = "$(TARGET_NAME)";
			};
			name = Release;
		};
		AFAC6B955413DB783DA944B1 /* Release */ = {
			isa = XCBuildConfiguration;
			buildSettings = {
				ALWAYS_SEARCH_USER_PATHS = NO;
				CLANG_CXX_LANGUAGE_STANDARD = "gnu++0x";
				CLANG_CXX_LIBRARY = "libc++";
				CLANG_ENABLE_MODULES = YES;
				CLANG_ENABLE_OBJC_ARC = YES;
				CLANG_WARN_BOOL_CONVERSION = YES;
				CLANG_WARN_CONSTANT_CONVERSION = YES;
				CLANG_WARN_DIRECT_OBJC_ISA_USAGE = YES_ERROR;
				CLANG_WARN_EMPTY_BODY = YES;
				CLANG_WARN_ENUM_CONVERSION = YES;
				CLANG_WARN_INT_CONVERSION = YES;
				CLANG_WARN_OBJC_ROOT_CLASS = YES_ERROR;
				CLANG_WARN_UNREACHABLE_CODE = YES;
				CLANG_WARN__DUPLICATE_METHOD_MATCH = YES;
				COPY_PHASE_STRIP = YES;
				DEBUG_INFORMATION_FORMAT = "dwarf-with-dsym";
				ENABLE_NS_ASSERTIONS = NO;
				ENABLE_STRICT_OBJC_MSGSEND = YES;
				GCC_C_LANGUAGE_STANDARD = gnu99;
				GCC_WARN_64_TO_32_BIT_CONVERSION = YES;
				GCC_WARN_ABOUT_RETURN_TYPE = YES_ERROR;
				GCC_WARN_UNDECLARED_SELECTOR = YES;
				GCC_WARN_UNINITIALIZED_AUTOS = YES_AGGRESSIVE;
				GCC_WARN_UNUSED_FUNCTION = YES;
				GCC_WARN_UNUSED_VARIABLE = YES;
				MACOSX_DEPLOYMENT_TARGET = 10.10;
				MTL_ENABLE_DEBUG_INFO = NO;
				SDKROOT = macosx;
			};
			name = Release;
		};
		AFAC6D9971596B058D67E0ED /* Debug */ = {
			isa = XCBuildConfiguration;
			buildSettings = {
				ALWAYS_SEARCH_USER_PATHS = NO;
				CLANG_CXX_LANGUAGE_STANDARD = "gnu++0x";
				CLANG_CXX_LIBRARY = "libc++";
				CLANG_ENABLE_MODULES = YES;
				CLANG_ENABLE_OBJC_ARC = YES;
				CLANG_WARN_BOOL_CONVERSION = YES;
				CLANG_WARN_CONSTANT_CONVERSION = YES;
				CLANG_WARN_DIRECT_OBJC_ISA_USAGE = YES_ERROR;
				CLANG_WARN_EMPTY_BODY = YES;
				CLANG_WARN_ENUM_CONVERSION = YES;
				CLANG_WARN_INT_CONVERSION = YES;
				CLANG_WARN_OBJC_ROOT_CLASS = YES_ERROR;
				CLANG_WARN_UNREACHABLE_CODE = YES;
				CLANG_WARN__DUPLICATE_METHOD_MATCH = YES;
				COPY_PHASE_STRIP = NO;
				ENABLE_STRICT_OBJC_MSGSEND = YES;
				GCC_C_LANGUAGE_STANDARD = gnu99;
				GCC_DYNAMIC_NO_PIC = NO;
				GCC_OPTIMIZATION_LEVEL = 0;
				GCC_PREPROCESSOR_DEFINITIONS = (
					"DEBUG=1",
					"$(inherited)",
				);
				GCC_SYMBOLS_PRIVATE_EXTERN = NO;
				GCC_WARN_64_TO_32_BIT_CONVERSION = YES;
				GCC_WARN_ABOUT_RETURN_TYPE = YES_ERROR;
				GCC_WARN_UNDECLARED_SELECTOR = YES;
				GCC_WARN_UNINITIALIZED_AUTOS = YES_AGGRESSIVE;
				GCC_WARN_UNUSED_FUNCTION = YES;
				GCC_WARN_UNUSED_VARIABLE = YES;
				MACOSX_DEPLOYMENT_TARGET = 10.10;
				MTL_ENABLE_DEBUG_INFO = YES;
				ONLY_ACTIVE_ARCH = YES;
				SDKROOT = macosx;
			};
			name = Debug;
		};
/* End XCBuildConfiguration section */

/* Begin XCConfigurationList section */
		AFAC6C989455ECA2F96BEEE4 /* Build configuration list for PBXNativeTarget "PK_1_3_4_10" */ = {
			isa = XCConfigurationList;
			buildConfigurations = (
				AFAC6898A66817EAB05F4CB1 /* Debug */,
				AFAC68F196A545EEC8C3CC56 /* Release */,
			);
			defaultConfigurationIsVisible = 0;
		};
		AFAC6FAA1C986D736B155656 /* Build configuration list for PBXProject "PK_1_3_4_10" */ = {
			isa = XCConfigurationList;
			buildConfigurations = (
				AFAC6D9971596B058D67E0ED /* Debug */,
				AFAC6B955413DB783DA944B1 /* Release */,
			);
			defaultConfigurationIsVisible = 0;
			defaultConfigurationName = Release;
		};
/* End XCConfigurationList section */
	};
	rootObject = AFAC6773FC68388F8C73CA62 /* Project object */;
}
