// !$*UTF8*$!
{
	archiveVersion = 1;
	classes = {
	};
	objectVersion = 46;
	objects = {

/* Begin PBXBuildFile section */
		AFAC6EFA9E8DCC616A3CECD2 /* main.cpp in Sources */ = {isa = PBXBuildFile; fileRef = AFAC691D7D1E2A650E16D182 /* main.cpp */; };
/* End PBXBuildFile section */

/* Begin PBXCopyFilesBuildPhase section */
		AFAC6EA57E9B04572EA8EB74 /* CopyFiles */ = {
			isa = PBXCopyFilesBuildPhase;
			buildActionMask = 2147483647;
			dstPath = /usr/share/man/man1/;
			dstSubfolderSpec = 0;
			files = (
			);
			runOnlyForDeploymentPostprocessing = 1;
		};
/* End PBXCopyFilesBuildPhase section */

/* Begin PBXFileReference section */
		AFAC691D7D1E2A650E16D182 /* main.cpp */ = {isa = PBXFileReference; lastKnownFileType = sourcecode.cpp.cpp; path = main.cpp; sourceTree = "<group>"; };
		AFAC6D1DC5163F94888D6EA0 /* PK_1_3_1_10 */ = {isa = PBXFileReference; explicitFileType = "compiled.mach-o.executable"; includeInIndex = 0; path = PK_1_3_1_10; sourceTree = BUILT_PRODUCTS_DIR; };
/* End PBXFileReference section */

/* Begin PBXFrameworksBuildPhase section */
		AFAC6DD95F592A5EB50943C6 /* Frameworks */ = {
			isa = PBXFrameworksBuildPhase;
			buildActionMask = 2147483647;
			files = (
			);
			runOnlyForDeploymentPostprocessing = 0;
		};
/* End PBXFrameworksBuildPhase section */

/* Begin PBXGroup section */
		AFAC64FA4DE1EB6CA53578F1 /* Products */ = {
			isa = PBXGroup;
			children = (
				AFAC6D1DC5163F94888D6EA0 /* PK_1_3_1_10 */,
			);
			name = Products;
			sourceTree = "<group>";
		};
		AFAC65D096B51D7E67A100CA = {
			isa = PBXGroup;
			children = (
				AFAC64FA4DE1EB6CA53578F1 /* Products */,
				AFAC6F99758B3BE4D67E0DCB /* PK_1_3_1_10 */,
			);
			sourceTree = "<group>";
		};
		AFAC6F99758B3BE4D67E0DCB /* PK_1_3_1_10 */ = {
			isa = PBXGroup;
			children = (
				AFAC691D7D1E2A650E16D182 /* main.cpp */,
			);
			path = PK_1_3_1_10;
			sourceTree = "<group>";
		};
/* End PBXGroup section */

/* Begin PBXNativeTarget section */
		AFAC6BAE5428C562B92DAD2E /* PK_1_3_1_10 */ = {
			isa = PBXNativeTarget;
			buildConfigurationList = AFAC69B6A7835C77933E7885 /* Build configuration list for PBXNativeTarget "PK_1_3_1_10" */;
			buildPhases = (
				AFAC62813888F37DDED56B14 /* Sources */,
				AFAC6DD95F592A5EB50943C6 /* Frameworks */,
				AFAC6EA57E9B04572EA8EB74 /* CopyFiles */,
			);
			buildRules = (
			);
			dependencies = (
			);
			name = PK_1_3_1_10;
			productName = PK_1_3_1_10;
			productReference = AFAC6D1DC5163F94888D6EA0 /* PK_1_3_1_10 */;
			productType = "com.apple.product-type.tool";
		};
/* End PBXNativeTarget section */

/* Begin PBXProject section */
		AFAC66A9CAD9794411CCDEDB /* Project object */ = {
			isa = PBXProject;
			attributes = {
				ORGANIZATIONNAME = "___FULLUSERNAME___";
			};
			buildConfigurationList = AFAC6E8E9AEBDDED5A141660 /* Build configuration list for PBXProject "PK_1_3_1_10" */;
			compatibilityVersion = "Xcode 3.2";
			developmentRegion = English;
			hasScannedForEncodings = 0;
			knownRegions = (
				en,
			);
			mainGroup = AFAC65D096B51D7E67A100CA;
			productRefGroup = AFAC64FA4DE1EB6CA53578F1 /* Products */;
			projectDirPath = "";
			projectRoot = "";
			targets = (
				AFAC6BAE5428C562B92DAD2E /* PK_1_3_1_10 */,
			);
		};
/* End PBXProject section */

/* Begin PBXSourcesBuildPhase section */
		AFAC62813888F37DDED56B14 /* Sources */ = {
			isa = PBXSourcesBuildPhase;
			buildActionMask = 2147483647;
			files = (
				AFAC6EFA9E8DCC616A3CECD2 /* main.cpp in Sources */,
			);
			runOnlyForDeploymentPostprocessing = 0;
		};
/* End PBXSourcesBuildPhase section */

/* Begin XCBuildConfiguration section */
		AFAC66597F45BAB28B2E9A21 /* Release */ = {
			isa = XCBuildConfiguration;
			buildSettings = {
				ALWAYS_SEARCH_USER_PATHS = NO;
				CLANG_CXX_LANGUAGE_STANDARD = "gnu++0x";
				CLANG_CXX_LIBRARY = "libc++";
				CLANG_ENABLE_MODULES = YES;
				CLANG_ENABLE_OBJC_ARC = YES;
				CLANG_WARN_BOOL_CONVERSION = YES;
				CLANG_WARN_CONSTANT_CONVERSION = YES;
				CLANG_WARN_DIRECT_OBJC_ISA_USAGE = YES_ERROR;
				CLANG_WARN_EMPTY_BODY = YES;
				CLANG_WARN_ENUM_CONVERSION = YES;
				CLANG_WARN_INT_CONVERSION = YES;
				CLANG_WARN_OBJC_ROOT_CLASS = YES_ERROR;
				CLANG_WARN_UNREACHABLE_CODE = YES;
				CLANG_WARN__DUPLICATE_METHOD_MATCH = YES;
				COPY_PHASE_STRIP = YES;
				DEBUG_INFORMATION_FORMAT = "dwarf-with-dsym";
				ENABLE_NS_ASSERTIONS = NO;
				ENABLE_STRICT_OBJC_MSGSEND = YES;
				GCC_C_LANGUAGE_STANDARD = gnu99;
				GCC_WARN_64_TO_32_BIT_CONVERSION = YES;
				GCC_WARN_ABOUT_RETURN_TYPE = YES_ERROR;
				GCC_WARN_UNDECLARED_SELECTOR = YES;
				GCC_WARN_UNINITIALIZED_AUTOS = YES_AGGRESSIVE;
				GCC_WARN_UNUSED_FUNCTION = YES;
				GCC_WARN_UNUSED_VARIABLE = YES;
				MACOSX_DEPLOYMENT_TARGET = 10.10;
				MTL_ENABLE_DEBUG_INFO = NO;
				SDKROOT = macosx;
			};
			name = Release;
		};
		AFAC670F55CFBADE5B138BEF /* Debug */ = {
			isa = XCBuildConfiguration;
			buildSettings = {
				PRODUCT_NAME = "$(TARGET_NAME)";
			};
			name = Debug;
		};
		AFAC6764487D996CBF5386FE /* Release */ = {
			isa = XCBuildConfiguration;
			buildSettings = {
				PRODUCT_NAME = "$(TARGET_NAME)";
			};
			name = Release;
		};
		AFAC6AD975A3E046FEBC8718 /* Debug */ = {
			isa = XCBuildConfiguration;
			buildSettings = {
				ALWAYS_SEARCH_USER_PATHS = NO;
				CLANG_CXX_LANGUAGE_STANDARD = "gnu++0x";
				CLANG_CXX_LIBRARY = "libc++";
				CLANG_ENABLE_MODULES = YES;
				CLANG_ENABLE_OBJC_ARC = YES;
				CLANG_WARN_BOOL_CONVERSION = YES;
				CLANG_WARN_CONSTANT_CONVERSION = YES;
				CLANG_WARN_DIRECT_OBJC_ISA_USAGE = YES_ERROR;
				CLANG_WARN_EMPTY_BODY = YES;
				CLANG_WARN_ENUM_CONVERSION = YES;
				CLANG_WARN_INT_CONVERSION = YES;
				CLANG_WARN_OBJC_ROOT_CLASS = YES_ERROR;
				CLANG_WARN_UNREACHABLE_CODE = YES;
				CLANG_WARN__DUPLICATE_METHOD_MATCH = YES;
				COPY_PHASE_STRIP = NO;
				ENABLE_STRICT_OBJC_MSGSEND = YES;
				GCC_C_LANGUAGE_STANDARD = gnu99;
				GCC_DYNAMIC_NO_PIC = NO;
				GCC_OPTIMIZATION_LEVEL = 0;
				GCC_PREPROCESSOR_DEFINITIONS = (
					"DEBUG=1",
					"$(inherited)",
				);
				GCC_SYMBOLS_PRIVATE_EXTERN = NO;
				GCC_WARN_64_TO_32_BIT_CONVERSION = YES;
				GCC_WARN_ABOUT_RETURN_TYPE = YES_ERROR;
				GCC_WARN_UNDECLARED_SELECTOR = YES;
				GCC_WARN_UNINITIALIZED_AUTOS = YES_AGGRESSIVE;
				GCC_WARN_UNUSED_FUNCTION = YES;
				GCC_WARN_UNUSED_VARIABLE = YES;
				MACOSX_DEPLOYMENT_TARGET = 10.10;
				MTL_ENABLE_DEBUG_INFO = YES;
				ONLY_ACTIVE_ARCH = YES;
				SDKROOT = macosx;
			};
			name = Debug;
		};
/* End XCBuildConfiguration section */

/* Begin XCConfigurationList section */
		AFAC69B6A7835C77933E7885 /* Build configuration list for PBXNativeTarget "PK_1_3_1_10" */ = {
			isa = XCConfigurationList;
			buildConfigurations = (
				AFAC670F55CFBADE5B138BEF /* Debug */,
				AFAC6764487D996CBF5386FE /* Release */,
			);
			defaultConfigurationIsVisible = 0;
		};
		AFAC6E8E9AEBDDED5A141660 /* Build configuration list for PBXProject "PK_1_3_1_10" */ = {
			isa = XCConfigurationList;
			buildConfigurations = (
				AFAC6AD975A3E046FEBC8718 /* Debug */,
				AFAC66597F45BAB28B2E9A21 /* Release */,
			);
			defaultConfigurationIsVisible = 0;
			defaultConfigurationName = Release;
		};
/* End XCConfigurationList section */
	};
	rootObject = AFAC66A9CAD9794411CCDEDB /* Project object */;
}
