<?xml version="1.0" encoding="UTF-8"?>
<Scheme
   version = "1.3">
   <BuildAction>
      <BuildActionEntries>
         <BuildActionEntry
            buildForRunning = "YES">
            <BuildableReference
               BuildableIdentifier = "primary"
               BlueprintIdentifier = "AFAC690E482D9C6C04D746F7"
               BuildableName = "PK_1_6_2_10"
               BlueprintName = "PK_1_6_2_10"
               ReferencedContainer = "container:PK_1_6_2_10.xcodeproj">
            </BuildableReference>
         </BuildActionEntry>
      </BuildActionEntries>
   </BuildAction>
   <LaunchAction
      useCustomWorkingDirectory = "NO"
      buildConfiguration = "Debug">
      <BuildableProductRunnable>
         <BuildableReference
            BuildableIdentifier = "primary"
            BlueprintIdentifier = "AFAC690E482D9C6C04D746F7"
            BuildableName = "PK_1_6_2_10"
            BlueprintName = "PK_1_6_2_10"
            ReferencedContainer = "container:PK_1_6_2_10.xcodeproj">
         </BuildableReference>
      </BuildableProductRunnable>
   </LaunchAction>
</Scheme>
