
Microsoft Visual Studio Solution File, Format Version 12.00
# Visual Studio 2012
Project("{FAE04EC0-301F-11D3-BF4B-00C04F79EFBC}") = "C#_Practic_VII_8", "C#_Practic_VII_8\C#_Practic_VII_8.csproj", "{5F393864-D550-4998-B480-DBE209C60CA4}"
EndProject
Global
	GlobalSection(SolutionConfigurationPlatforms) = preSolution
		Debug|x86 = Debug|x86
		Release|x86 = Release|x86
	EndGlobalSection
	GlobalSection(ProjectConfigurationPlatforms) = postSolution
		{5F393864-D550-4998-B480-DBE209C60CA4}.Debug|x86.ActiveCfg = Debug|x86
		{5F393864-D550-4998-B480-DBE209C60CA4}.Debug|x86.Build.0 = Debug|x86
		{5F393864-D550-4998-B480-DBE209C60CA4}.Release|x86.ActiveCfg = Release|x86
		{5F393864-D550-4998-B480-DBE209C60CA4}.Release|x86.Build.0 = Release|x86
	EndGlobalSection
EndGlobal
