// !$*UTF8*$!
{
	archiveVersion = 1;
	classes = {
	};
	objectVersion = 46;
	objects = {

/* Begin PBXBuildFile section */
		AFAC603B67D9B35F555A55CE /* main.cpp in Sources */ = {isa = PBXBuildFile; fileRef = AFAC68AABBC54F6F04DCA5A8 /* main.cpp */; };
/* End PBXBuildFile section */

/* Begin PBXCopyFilesBuildPhase section */
		AFAC6D0DA52317AE0F5D054B /* CopyFiles */ = {
			isa = PBXCopyFilesBuildPhase;
			buildActionMask = 2147483647;
			dstPath = /usr/share/man/man1/;
			dstSubfolderSpec = 0;
			files = (
			);
			runOnlyForDeploymentPostprocessing = 1;
		};
/* End PBXCopyFilesBuildPhase section */

/* Begin PBXFileReference section */
		AFAC68AABBC54F6F04DCA5A8 /* main.cpp */ = {isa = PBXFileReference; lastKnownFileType = sourcecode.cpp.cpp; path = main.cpp; sourceTree = "<group>"; };
		AFAC6DB1BAEF267D9F608309 /* PK_Solve_CubeWithStarsAndPoints */ = {isa = PBXFileReference; explicitFileType = "compiled.mach-o.executable"; includeInIndex = 0; path = PK_Solve_CubeWithStarsAndPoints; sourceTree = BUILT_PRODUCTS_DIR; };
/* End PBXFileReference section */

/* Begin PBXFrameworksBuildPhase section */
		AFAC61F0204E2A200EF70D37 /* Frameworks */ = {
			isa = PBXFrameworksBuildPhase;
			buildActionMask = 2147483647;
			files = (
			);
			runOnlyForDeploymentPostprocessing = 0;
		};
/* End PBXFrameworksBuildPhase section */

/* Begin PBXGroup section */
		AFAC6346B8CF1518928D0B75 = {
			isa = PBXGroup;
			children = (
				AFAC68492170AB15CB4E3E99 /* Products */,
				AFAC6FD99DAF3C98D1F034D1 /* PK_Solve_CubeWithStarsAndPoints */,
			);
			sourceTree = "<group>";
		};
		AFAC68492170AB15CB4E3E99 /* Products */ = {
			isa = PBXGroup;
			children = (
				AFAC6DB1BAEF267D9F608309 /* PK_Solve_CubeWithStarsAndPoints */,
			);
			name = Products;
			sourceTree = "<group>";
		};
		AFAC6FD99DAF3C98D1F034D1 /* PK_Solve_CubeWithStarsAndPoints */ = {
			isa = PBXGroup;
			children = (
				AFAC68AABBC54F6F04DCA5A8 /* main.cpp */,
			);
			path = PK_Solve_CubeWithStarsAndPoints;
			sourceTree = "<group>";
		};
/* End PBXGroup section */

/* Begin PBXNativeTarget section */
		AFAC6CBDB8B0A7BEA3197E1A /* PK_Solve_CubeWithStarsAndPoints */ = {
			isa = PBXNativeTarget;
			buildConfigurationList = AFAC65255C4768B7E8C2137B /* Build configuration list for PBXNativeTarget "PK_Solve_CubeWithStarsAndPoints" */;
			buildPhases = (
				AFAC6C66DB6AC3884421C58E /* Sources */,
				AFAC61F0204E2A200EF70D37 /* Frameworks */,
				AFAC6D0DA52317AE0F5D054B /* CopyFiles */,
			);
			buildRules = (
			);
			dependencies = (
			);
			name = PK_Solve_CubeWithStarsAndPoints;
			productName = PK_Solve_CubeWithStarsAndPoints;
			productReference = AFAC6DB1BAEF267D9F608309 /* PK_Solve_CubeWithStarsAndPoints */;
			productType = "com.apple.product-type.tool";
		};
/* End PBXNativeTarget section */

/* Begin PBXProject section */
		AFAC6C9805DC868FE21BC2E3 /* Project object */ = {
			isa = PBXProject;
			attributes = {
				ORGANIZATIONNAME = "___FULLUSERNAME___";
			};
			buildConfigurationList = AFAC601ACD096F0A0917C2DB /* Build configuration list for PBXProject "PK_Solve_CubeWithStarsAndPoints" */;
			compatibilityVersion = "Xcode 3.2";
			developmentRegion = English;
			hasScannedForEncodings = 0;
			knownRegions = (
				en,
			);
			mainGroup = AFAC6346B8CF1518928D0B75;
			productRefGroup = AFAC68492170AB15CB4E3E99 /* Products */;
			projectDirPath = "";
			projectRoot = "";
			targets = (
				AFAC6CBDB8B0A7BEA3197E1A /* PK_Solve_CubeWithStarsAndPoints */,
			);
		};
/* End PBXProject section */

/* Begin PBXSourcesBuildPhase section */
		AFAC6C66DB6AC3884421C58E /* Sources */ = {
			isa = PBXSourcesBuildPhase;
			buildActionMask = 2147483647;
			files = (
				AFAC603B67D9B35F555A55CE /* main.cpp in Sources */,
			);
			runOnlyForDeploymentPostprocessing = 0;
		};
/* End PBXSourcesBuildPhase section */

/* Begin XCBuildConfiguration section */
		AFAC62058EDDABE33F1332F6 /* Release */ = {
			isa = XCBuildConfiguration;
			buildSettings = {
				PRODUCT_NAME = "$(TARGET_NAME)";
			};
			name = Release;
		};
		AFAC639D151841FD5745938D /* Debug */ = {
			isa = XCBuildConfiguration;
			buildSettings = {
				PRODUCT_NAME = "$(TARGET_NAME)";
			};
			name = Debug;
		};
		AFAC68AE4C56AC4CCAD8A086 /* Debug */ = {
			isa = XCBuildConfiguration;
			buildSettings = {
				ALWAYS_SEARCH_USER_PATHS = NO;
				CLANG_CXX_LANGUAGE_STANDARD = "gnu++0x";
				CLANG_CXX_LIBRARY = "libc++";
				CLANG_ENABLE_MODULES = YES;
				CLANG_ENABLE_OBJC_ARC = YES;
				CLANG_WARN_BOOL_CONVERSION = YES;
				CLANG_WARN_CONSTANT_CONVERSION = YES;
				CLANG_WARN_DIRECT_OBJC_ISA_USAGE = YES_ERROR;
				CLANG_WARN_EMPTY_BODY = YES;
				CLANG_WARN_ENUM_CONVERSION = YES;
				CLANG_WARN_INT_CONVERSION = YES;
				CLANG_WARN_OBJC_ROOT_CLASS = YES_ERROR;
				CLANG_WARN_UNREACHABLE_CODE = YES;
				CLANG_WARN__DUPLICATE_METHOD_MATCH = YES;
				COPY_PHASE_STRIP = NO;
				ENABLE_STRICT_OBJC_MSGSEND = YES;
				GCC_C_LANGUAGE_STANDARD = gnu99;
				GCC_DYNAMIC_NO_PIC = NO;
				GCC_OPTIMIZATION_LEVEL = 0;
				GCC_PREPROCESSOR_DEFINITIONS = (
					"DEBUG=1",
					"$(inherited)",
				);
				GCC_SYMBOLS_PRIVATE_EXTERN = NO;
				GCC_WARN_64_TO_32_BIT_CONVERSION = YES;
				GCC_WARN_ABOUT_RETURN_TYPE = YES_ERROR;
				GCC_WARN_UNDECLARED_SELECTOR = YES;
				GCC_WARN_UNINITIALIZED_AUTOS = YES_AGGRESSIVE;
				GCC_WARN_UNUSED_FUNCTION = YES;
				GCC_WARN_UNUSED_VARIABLE = YES;
				MACOSX_DEPLOYMENT_TARGET = 10.10;
				MTL_ENABLE_DEBUG_INFO = YES;
				ONLY_ACTIVE_ARCH = YES;
				SDKROOT = macosx;
			};
			name = Debug;
		};
		AFAC6FBC92032287DC184E76 /* Release */ = {
			isa = XCBuildConfiguration;
			buildSettings = {
				ALWAYS_SEARCH_USER_PATHS = NO;
				CLANG_CXX_LANGUAGE_STANDARD = "gnu++0x";
				CLANG_CXX_LIBRARY = "libc++";
				CLANG_ENABLE_MODULES = YES;
				CLANG_ENABLE_OBJC_ARC = YES;
				CLANG_WARN_BOOL_CONVERSION = YES;
				CLANG_WARN_CONSTANT_CONVERSION = YES;
				CLANG_WARN_DIRECT_OBJC_ISA_USAGE = YES_ERROR;
				CLANG_WARN_EMPTY_BODY = YES;
				CLANG_WARN_ENUM_CONVERSION = YES;
				CLANG_WARN_INT_CONVERSION = YES;
				CLANG_WARN_OBJC_ROOT_CLASS = YES_ERROR;
				CLANG_WARN_UNREACHABLE_CODE = YES;
				CLANG_WARN__DUPLICATE_METHOD_MATCH = YES;
				COPY_PHASE_STRIP = YES;
				DEBUG_INFORMATION_FORMAT = "dwarf-with-dsym";
				ENABLE_NS_ASSERTIONS = NO;
				ENABLE_STRICT_OBJC_MSGSEND = YES;
				GCC_C_LANGUAGE_STANDARD = gnu99;
				GCC_WARN_64_TO_32_BIT_CONVERSION = YES;
				GCC_WARN_ABOUT_RETURN_TYPE = YES_ERROR;
				GCC_WARN_UNDECLARED_SELECTOR = YES;
				GCC_WARN_UNINITIALIZED_AUTOS = YES_AGGRESSIVE;
				GCC_WARN_UNUSED_FUNCTION = YES;
				GCC_WARN_UNUSED_VARIABLE = YES;
				MACOSX_DEPLOYMENT_TARGET = 10.10;
				MTL_ENABLE_DEBUG_INFO = NO;
				SDKROOT = macosx;
			};
			name = Release;
		};
/* End XCBuildConfiguration section */

/* Begin XCConfigurationList section */
		AFAC601ACD096F0A0917C2DB /* Build configuration list for PBXProject "PK_Solve_CubeWithStarsAndPoints" */ = {
			isa = XCConfigurationList;
			buildConfigurations = (
				AFAC68AE4C56AC4CCAD8A086 /* Debug */,
				AFAC6FBC92032287DC184E76 /* Release */,
			);
			defaultConfigurationIsVisible = 0;
			defaultConfigurationName = Release;
		};
		AFAC65255C4768B7E8C2137B /* Build configuration list for PBXNativeTarget "PK_Solve_CubeWithStarsAndPoints" */ = {
			isa = XCConfigurationList;
			buildConfigurations = (
				AFAC639D151841FD5745938D /* Debug */,
				AFAC62058EDDABE33F1332F6 /* Release */,
			);
			defaultConfigurationIsVisible = 0;
		};
/* End XCConfigurationList section */
	};
	rootObject = AFAC6C9805DC868FE21BC2E3 /* Project object */;
}
