
Microsoft Visual Studio Solution File, Format Version 12.00
# Visual Studio 2012
Project("{FAE04EC0-301F-11D3-BF4B-00C04F79EFBC}") = "C#_Practic_4_VI_11", "C#_Practic_4_VI_11\C#_Practic_4_VI_11.csproj", "{1BA73D04-A98C-4A54-8A40-575FE9D439A2}"
EndProject
Global
	GlobalSection(SolutionConfigurationPlatforms) = preSolution
		Debug|x86 = Debug|x86
		Release|x86 = Release|x86
	EndGlobalSection
	GlobalSection(ProjectConfigurationPlatforms) = postSolution
		{1BA73D04-A98C-4A54-8A40-575FE9D439A2}.Debug|x86.ActiveCfg = Debug|x86
		{1BA73D04-A98C-4A54-8A40-575FE9D439A2}.Debug|x86.Build.0 = Debug|x86
		{1BA73D04-A98C-4A54-8A40-575FE9D439A2}.Release|x86.ActiveCfg = Release|x86
		{1BA73D04-A98C-4A54-8A40-575FE9D439A2}.Release|x86.Build.0 = Release|x86
	EndGlobalSection
EndGlobal
