<?xml version="1.0" encoding="UTF-8"?>
<Scheme
   version = "1.3">
   <BuildAction>
      <BuildActionEntries>
         <BuildActionEntry
            buildForRunning = "YES">
            <BuildableReference
               BuildableIdentifier = "primary"
               BlueprintIdentifier = "AFAC6108BC00EEF0857FB9B5"
               BuildableName = "PK_Solve_D15"
               BlueprintName = "PK_Solve_D15"
               ReferencedContainer = "container:PK_Solve_D15.xcodeproj">
            </BuildableReference>
         </BuildActionEntry>
      </BuildActionEntries>
   </BuildAction>
   <LaunchAction
      useCustomWorkingDirectory = "NO"
      buildConfiguration = "Debug">
      <BuildableProductRunnable>
         <BuildableReference
            BuildableIdentifier = "primary"
            BlueprintIdentifier = "AFAC6108BC00EEF0857FB9B5"
            BuildableName = "PK_Solve_D15"
            BlueprintName = "PK_Solve_D15"
            ReferencedContainer = "container:PK_Solve_D15.xcodeproj">
         </BuildableReference>
      </BuildableProductRunnable>
   </LaunchAction>
</Scheme>
