<?xml version="1.0" encoding="UTF-8"?>
<Scheme
   version = "1.3">
   <BuildAction>
      <BuildActionEntries>
         <BuildActionEntry
            buildForRunning = "YES">
            <BuildableReference
               BuildableIdentifier = "primary"
               BlueprintIdentifier = "AFAC66BEEB30FFBE6C964FDE"
               BuildableName = "PK_1_6_6_13"
               BlueprintName = "PK_1_6_6_13"
               ReferencedContainer = "container:PK_1_6_6_13.xcodeproj">
            </BuildableReference>
         </BuildActionEntry>
      </BuildActionEntries>
   </BuildAction>
   <LaunchAction
      useCustomWorkingDirectory = "NO"
      buildConfiguration = "Debug">
      <BuildableProductRunnable>
         <BuildableReference
            BuildableIdentifier = "primary"
            BlueprintIdentifier = "AFAC66BEEB30FFBE6C964FDE"
            BuildableName = "PK_1_6_6_13"
            BlueprintName = "PK_1_6_6_13"
            ReferencedContainer = "container:PK_1_6_6_13.xcodeproj">
         </BuildableReference>
      </BuildableProductRunnable>
   </LaunchAction>
</Scheme>
