<?xml version="1.0" encoding="UTF-8"?>
<Scheme
   version = "1.3">
   <BuildAction>
      <BuildActionEntries>
         <BuildActionEntry
            buildForRunning = "YES">
            <BuildableReference
               BuildableIdentifier = "primary"
               BlueprintIdentifier = "AFAC6BC3C4F20676DBE7BF8F"
               BuildableName = "PK_2_1_2_17"
               BlueprintName = "PK_2_1_2_17"
               ReferencedContainer = "container:PK_2_1_2_17.xcodeproj">
            </BuildableReference>
         </BuildActionEntry>
      </BuildActionEntries>
   </BuildAction>
   <LaunchAction
      useCustomWorkingDirectory = "NO"
      buildConfiguration = "Debug">
      <BuildableProductRunnable>
         <BuildableReference
            BuildableIdentifier = "primary"
            BlueprintIdentifier = "AFAC6BC3C4F20676DBE7BF8F"
            BuildableName = "PK_2_1_2_17"
            BlueprintName = "PK_2_1_2_17"
            ReferencedContainer = "container:PK_2_1_2_17.xcodeproj">
         </BuildableReference>
      </BuildableProductRunnable>
   </LaunchAction>
</Scheme>
